{
  "version": "5",
  "specifiers": {
    "jsr:@std/assert@1": "1.0.19",
    "jsr:@std/internal@^1.0.12": "1.0.14",
    "npm:isbot@5": "5.2.1"
  },
  "jsr": {
    "@std/assert@1.0.19": {
      "integrity": "eaada96ee120cb980bc47e040f82814d786fe8162ecc53c91d8df60b8755991e",
      "dependencies": [
        "jsr:@std/internal"
      ]
    },
    "@std/internal@1.0.14": {
      "integrity": "291516b3d4c35024d6ffbc0a9df5bf4c64116e05b50012cf846710152d2ffdf7"
    }
  },
  "npm": {
    "isbot@5.2.1": {
      "integrity": "sha512-dJ+LpKyClQZ7NG+j3OensC/mAZkGpukE9YUrgPYvAZj2doVL0edfDgywTUh5CXa0o+nW9a1V9e5+CJTX8+SxRw=="
    }
  }
}
